
Microsoft Visual Studio Solution File, Format Version 12.00
# Visual Studio Version 16
VisualStudioVersion = 16.0.30621.155
MinimumVisualStudioVersion = 10.0.40219.1
Project("{FAE04EC0-301F-11D3-BF4B-00C04F79EFBC}") = "JailPlugin", "JailPlugin.csproj", "{1FCEC8F5-8C02-4788-8F1F-7AC06EF2658D}"
EndProject
Global
	GlobalSection(SolutionConfigurationPlatforms) = preSolution
		Debug|Any CPU = Debug|Any CPU
		Release|Any CPU = Release|Any CPU
	EndGlobalSection
	GlobalSection(ProjectConfigurationPlatforms) = postSolution
		{1FCEC8F5-8C02-4788-8F1F-7AC06EF2658D}.Debug|Any CPU.ActiveCfg = Debug|Any CPU
		{1FCEC8F5-8C02-4788-8F1F-7AC06EF2658D}.Debug|Any CPU.Build.0 = Debug|Any CPU
		{1FCEC8F5-8C02-4788-8F1F-7AC06EF2658D}.Release|Any CPU.ActiveCfg = Release|Any CPU
		{1FCEC8F5-8C02-4788-8F1F-7AC06EF2658D}.Release|Any CPU.Build.0 = Release|Any CPU
	EndGlobalSection
	GlobalSection(SolutionProperties) = preSolution
		HideSolutionNode = FALSE
	EndGlobalSection
	GlobalSection(ExtensibilityGlobals) = postSolution
		SolutionGuid = {7498E3EE-9617-4FA7-A958-BC79FEF613D2}
	EndGlobalSection
EndGlobal
